
Microsoft Visual Studio Solution File, Format Version 12.00
# Visual Studio Version 17
VisualStudioVersion = 17.14.36414.22 d17.14
MinimumVisualStudioVersion = 10.0.40219.1
Project("{FAE04EC0-301F-11D3-BF4B-00C04F79EFBC}") = "TTManagement", "TTManagement.csproj", "{DAE4009B-952D-8540-655D-86FAC6CE654C}"
EndProject
Global
	GlobalSection(SolutionConfigurationPlatforms) = preSolution
		Debug|Any CPU = Debug|Any CPU
		Release|Any CPU = Release|Any CPU
	EndGlobalSection
	GlobalSection(ProjectConfigurationPlatforms) = postSolution
		{DAE4009B-952D-8540-655D-86FAC6CE654C}.Debug|Any CPU.ActiveCfg = Debug|Any CPU
		{DAE4009B-952D-8540-655D-86FAC6CE654C}.Debug|Any CPU.Build.0 = Debug|Any CPU
		{DAE4009B-952D-8540-655D-86FAC6CE654C}.Release|Any CPU.ActiveCfg = Release|Any CPU
		{DAE4009B-952D-8540-655D-86FAC6CE654C}.Release|Any CPU.Build.0 = Release|Any CPU
	EndGlobalSection
	GlobalSection(SolutionProperties) = preSolution
		HideSolutionNode = FALSE
	EndGlobalSection
	GlobalSection(ExtensibilityGlobals) = postSolution
		SolutionGuid = {19187E91-BF5F-4463-96E5-AEE83EDE9AD8}
	EndGlobalSection
EndGlobal
